Microsoft Visual Studio Solution File, Format Version 12.00
# Visual Studio Version 17
VisualStudioVersion = 17.5.2.0
MinimumVisualStudioVersion = 10.0.40219.1
Project("{FAE04EC0-301F-11D3-BF4B-00C04F79EFBC}") = "EmployeeTimeTrackingAPI", "EmployeeTimeTrackingAPI.csproj", "{689D3FAA-050F-8B70-7334-C6A0FD6F6D64}"
EndProject
Global
	GlobalSection(SolutionConfigurationPlatforms) = preSolution
		Debug|Any CPU = Debug|Any CPU
		Release|Any CPU = Release|Any CPU
	EndGlobalSection
	GlobalSection(ProjectConfigurationPlatforms) = postSolution
		{689D3FAA-050F-8B70-7334-C6A0FD6F6D64}.Debug|Any CPU.ActiveCfg = Debug|Any CPU
		{689D3FAA-050F-8B70-7334-C6A0FD6F6D64}.Debug|Any CPU.Build.0 = Debug|Any CPU
		{689D3FAA-050F-8B70-7334-C6A0FD6F6D64}.Release|Any CPU.ActiveCfg = Release|Any CPU
		{689D3FAA-050F-8B70-7334-C6A0FD6F6D64}.Release|Any CPU.Build.0 = Release|Any CPU
	EndGlobalSection
	GlobalSection(SolutionProperties) = preSolution
		HideSolutionNode = FALSE
	EndGlobalSection
	GlobalSection(ExtensibilityGlobals) = postSolution
		SolutionGuid = {FC701EEB-914B-4EF1-9FC3-5C18314F4936}
	EndGlobalSection
EndGlobal
